{
  "originHash" : "39fd869067a8f5a5638b90dc444332247d4aaaed503bdb73786b729486bff449",
  "pins" : [
    {
      "identity" : "viewinspector",
      "kind" : "remoteSourceControl",
      "location" : "https://github.com/nalexn/ViewInspector",
      "state" : {
        "branch" : "0.10.4",
        "revision" : "e9a06346499a3a889165647e3f23f8a7b2609a1c"
      }
    }
  ],
  "version" : 3
}
